// !$*UTF8*$!
{
	archiveVersion = 1;
	classes = {
	};
	objectVersion = 56;
	objects = {

/* Begin PBXBuildFile section */
		FD962E4D29FA707E00B00A00 /* detailViewController.swift in Sources */ = {isa = PBXBuildFile; fileRef = FD962E4C29FA707E00B00A00 /* detailViewController.swift */; };
		FD9B1AFA29F7D73400F57897 /* AppDelegate.swift in Sources */ = {isa = PBXBuildFile; fileRef = FD9B1AF929F7D73400F57897 /* AppDelegate.swift */; };
		FD9B1AFC29F7D73400F57897 /* SceneDelegate.swift in Sources */ = {isa = PBXBuildFile; fileRef = FD9B1AFB29F7D73400F57897 /* SceneDelegate.swift */; };
		FD9B1AFE29F7D73400F57897 /* ViewController.swift in Sources */ = {isa = PBXBuildFile; fileRef = FD9B1AFD29F7D73400F57897 /* ViewController.swift */; };
		FD9B1B0129F7D73400F57897 /* Main.storyboard in Resources */ = {isa = PBXBuildFile; fileRef = FD9B1AFF29F7D73400F57897 /* Main.storyboard */; };
		FD9B1B0429F7D73400F57897 /* Instagram_Clone.xcdatamodeld in Sources */ = {isa = PBXBuildFile; fileRef = FD9B1B0229F7D73400F57897 /* Instagram_Clone.xcdatamodeld */; };
		FD9B1B0629F7D73500F57897 /* Assets.xcassets in Resources */ = {isa = PBXBuildFile; fileRef = FD9B1B0529F7D73500F57897 /* Assets.xcassets */; };
		FD9B1B0929F7D73500F57897 /* LaunchScreen.storyboard in Resources */ = {isa = PBXBuildFile; fileRef = FD9B1B0729F7D73500F57897 /* LaunchScreen.storyboard */; };
		FD9B1B1629F7F87600F57897 /* DataInUserDefaults.swift in Sources */ = {isa = PBXBuildFile; fileRef = FD9B1B1529F7F87600F57897 /* DataInUserDefaults.swift */; };
		FDE6845829F96202002ED3AB /* CollectionViewCell.swift in Sources */ = {isa = PBXBuildFile; fileRef = FDE6845629F96202002ED3AB /* CollectionViewCell.swift */; };
		FDE6845929F96202002ED3AB /* CollectionViewCell.xib in Resources */ = {isa = PBXBuildFile; fileRef = FDE6845729F96202002ED3AB /* CollectionViewCell.xib */; };
/* End PBXBuildFile section */

/* Begin PBXFileReference section */
		FD962E4C29FA707E00B00A00 /* detailViewController.swift */ = {isa = PBXFileReference; lastKnownFileType = sourcecode.swift; path = detailViewController.swift; sourceTree = "<group>"; };
		FD9B1AF629F7D73400F57897 /* Instagram Clone.app */ = {isa = PBXFileReference; explicitFileType = wrapper.application; includeInIndex = 0; path = "Instagram Clone.app"; sourceTree = BUILT_PRODUCTS_DIR; };
		FD9B1AF929F7D73400F57897 /* AppDelegate.swift */ = {isa = PBXFileReference; lastKnownFileType = sourcecode.swift; path = AppDelegate.swift; sourceTree = "<group>"; };
		FD9B1AFB29F7D73400F57897 /* SceneDelegate.swift */ = {isa = PBXFileReference; lastKnownFileType = sourcecode.swift; path = SceneDelegate.swift; sourceTree = "<group>"; };
		FD9B1AFD29F7D73400F57897 /* ViewController.swift */ = {isa = PBXFileReference; lastKnownFileType = sourcecode.swift; path = ViewController.swift; sourceTree = "<group>"; };
		FD9B1B0029F7D73400F57897 /* Base */ = {isa = PBXFileReference; lastKnownFileType = file.storyboard; name = Base; path = Base.lproj/Main.storyboard; sourceTree = "<group>"; };
		FD9B1B0329F7D73400F57897 /* Instagram_Clone.xcdatamodel */ = {isa = PBXFileReference; lastKnownFileType = wrapper.xcdatamodel; path = Instagram_Clone.xcdatamodel; sourceTree = "<group>"; };
		FD9B1B0529F7D73500F57897 /* Assets.xcassets */ = {isa = PBXFileReference; lastKnownFileType = folder.assetcatalog; path = Assets.xcassets; sourceTree = "<group>"; };
		FD9B1B0829F7D73500F57897 /* Base */ = {isa = PBXFileReference; lastKnownFileType = file.storyboard; name = Base; path = Base.lproj/LaunchScreen.storyboard; sourceTree = "<group>"; };
		FD9B1B0A29F7D73500F57897 /* Info.plist */ = {isa = PBXFileReference; lastKnownFileType = text.plist.xml; path = Info.plist; sourceTree = "<group>"; };
		FD9B1B1529F7F87600F57897 /* DataInUserDefaults.swift */ = {isa = PBXFileReference; lastKnownFileType = sourcecode.swift; path = DataInUserDefaults.swift; sourceTree = "<group>"; };
		FDE6845629F96202002ED3AB /* CollectionViewCell.swift */ = {isa = PBXFileReference; lastKnownFileType = sourcecode.swift; path = CollectionViewCell.swift; sourceTree = "<group>"; };
		FDE6845729F96202002ED3AB /* CollectionViewCell.xib */ = {isa = PBXFileReference; lastKnownFileType = file.xib; path = CollectionViewCell.xib; sourceTree = "<group>"; };
/* End PBXFileReference section */

/* Begin PBXFrameworksBuildPhase section */
		FD9B1AF329F7D73400F57897 /* Frameworks */ = {
			isa = PBXFrameworksBuildPhase;
			buildActionMask = 2147483647;
			files = (
			);
			runOnlyForDeploymentPostprocessing = 0;
		};
/* End PBXFrameworksBuildPhase section */

/* Begin PBXGroup section */
		FD9B1AED29F7D73400F57897 = {
			isa = PBXGroup;
			children = (
				FD9B1AF829F7D73400F57897 /* Instagram Clone */,
				FD9B1AF729F7D73400F57897 /* Products */,
			);
			sourceTree = "<group>";
		};
		FD9B1AF729F7D73400F57897 /* Products */ = {
			isa = PBXGroup;
			children = (
				FD9B1AF629F7D73400F57897 /* Instagram Clone.app */,
			);
			name = Products;
			sourceTree = "<group>";
		};
		FD9B1AF829F7D73400F57897 /* Instagram Clone */ = {
			isa = PBXGroup;
			children = (
				FDE6845429F9609F002ED3AB /* collectionView */,
				FD9B1B1429F7F83B00F57897 /* Data */,
				FD9B1B1329F7E56900F57897 /* Controller */,
				FD9B1B1129F7E4E100F57897 /* StroyBoards */,
				FD9B1B1029F7E28C00F57897 /* Resources */,
				FD9B1B0A29F7D73500F57897 /* Info.plist */,
				FD9B1B0229F7D73400F57897 /* Instagram_Clone.xcdatamodeld */,
			);
			path = "Instagram Clone";
			sourceTree = "<group>";
		};
		FD9B1B1029F7E28C00F57897 /* Resources */ = {
			isa = PBXGroup;
			children = (
				FD9B1B0529F7D73500F57897 /* Assets.xcassets */,
				FD9B1AFB29F7D73400F57897 /* SceneDelegate.swift */,
				FD9B1AF929F7D73400F57897 /* AppDelegate.swift */,
			);
			path = Resources;
			sourceTree = "<group>";
		};
		FD9B1B1129F7E4E100F57897 /* StroyBoards */ = {
			isa = PBXGroup;
			children = (
				FD9B1AFF29F7D73400F57897 /* Main.storyboard */,
				FD9B1B0729F7D73500F57897 /* LaunchScreen.storyboard */,
			);
			path = StroyBoards;
			sourceTree = "<group>";
		};
		FD9B1B1329F7E56900F57897 /* Controller */ = {
			isa = PBXGroup;
			children = (
				FD9B1AFD29F7D73400F57897 /* ViewController.swift */,
				FD962E4C29FA707E00B00A00 /* detailViewController.swift */,
			);
			path = Controller;
			sourceTree = "<group>";
		};
		FD9B1B1429F7F83B00F57897 /* Data */ = {
			isa = PBXGroup;
			children = (
				FD9B1B1529F7F87600F57897 /* DataInUserDefaults.swift */,
			);
			path = Data;
			sourceTree = "<group>";
		};
		FDE6845429F9609F002ED3AB /* collectionView */ = {
			isa = PBXGroup;
			children = (
				FDE6845529F960AE002ED3AB /* collectionViewCells */,
			);
			path = collectionView;
			sourceTree = "<group>";
		};
		FDE6845529F960AE002ED3AB /* collectionViewCells */ = {
			isa = PBXGroup;
			children = (
				FDE6845629F96202002ED3AB /* CollectionViewCell.swift */,
				FDE6845729F96202002ED3AB /* CollectionViewCell.xib */,
			);
			path = collectionViewCells;
			sourceTree = "<group>";
		};
/* End PBXGroup section */

/* Begin PBXNativeTarget section */
		FD9B1AF529F7D73400F57897 /* Instagram Clone */ = {
			isa = PBXNativeTarget;
			buildConfigurationList = FD9B1B0D29F7D73500F57897 /* Build configuration list for PBXNativeTarget "Instagram Clone" */;
			buildPhases = (
				FD9B1AF229F7D73400F57897 /* Sources */,
				FD9B1AF329F7D73400F57897 /* Frameworks */,
				FD9B1AF429F7D73400F57897 /* Resources */,
			);
			buildRules = (
			);
			dependencies = (
			);
			name = "Instagram Clone";
			productName = "Instagram Clone";
			productReference = FD9B1AF629F7D73400F57897 /* Instagram Clone.app */;
			productType = "com.apple.product-type.application";
		};
/* End PBXNativeTarget section */

/* Begin PBXProject section */
		FD9B1AEE29F7D73400F57897 /* Project object */ = {
			isa = PBXProject;
			attributes = {
				BuildIndependentTargetsInParallel = 1;
				LastSwiftUpdateCheck = 1420;
				LastUpgradeCheck = 1420;
				TargetAttributes = {
					FD9B1AF529F7D73400F57897 = {
						CreatedOnToolsVersion = 14.2;
					};
				};
			};
			buildConfigurationList = FD9B1AF129F7D73400F57897 /* Build configuration list for PBXProject "Instagram Clone" */;
			compatibilityVersion = "Xcode 14.0";
			developmentRegion = en;
			hasScannedForEncodings = 0;
			knownRegions = (
				en,
				Base,
			);
			mainGroup = FD9B1AED29F7D73400F57897;
			productRefGroup = FD9B1AF729F7D73400F57897 /* Products */;
			projectDirPath = "";
			projectRoot = "";
			targets = (
				FD9B1AF529F7D73400F57897 /* Instagram Clone */,
			);
		};
/* End PBXProject section */

/* Begin PBXResourcesBuildPhase section */
		FD9B1AF429F7D73400F57897 /* Resources */ = {
			isa = PBXResourcesBuildPhase;
			buildActionMask = 2147483647;
			files = (
				FD9B1B0929F7D73500F57897 /* LaunchScreen.storyboard in Resources */,
				FD9B1B0629F7D73500F57897 /* Assets.xcassets in Resources */,
				FDE6845929F96202002ED3AB /* CollectionViewCell.xib in Resources */,
				FD9B1B0129F7D73400F57897 /* Main.storyboard in Resources */,
			);
			runOnlyForDeploymentPostprocessing = 0;
		};
/* End PBXResourcesBuildPhase section */

/* Begin PBXSourcesBuildPhase section */
		FD9B1AF229F7D73400F57897 /* Sources */ = {
			isa = PBXSourcesBuildPhase;
			buildActionMask = 2147483647;
			files = (
				FD9B1AFE29F7D73400F57897 /* ViewController.swift in Sources */,
				FD9B1AFA29F7D73400F57897 /* AppDelegate.swift in Sources */,
				FDE6845829F96202002ED3AB /* CollectionViewCell.swift in Sources */,
				FD9B1B0429F7D73400F57897 /* Instagram_Clone.xcdatamodeld in Sources */,
				FD9B1B1629F7F87600F57897 /* DataInUserDefaults.swift in Sources */,
				FD962E4D29FA707E00B00A00 /* detailViewController.swift in Sources */,
				FD9B1AFC29F7D73400F57897 /* SceneDelegate.swift in Sources */,
			);
			runOnlyForDeploymentPostprocessing = 0;
		};
/* End PBXSourcesBuildPhase section */

/* Begin PBXVariantGroup section */
		FD9B1AFF29F7D73400F57897 /* Main.storyboard */ = {
			isa = PBXVariantGroup;
			children = (
				FD9B1B0029F7D73400F57897 /* Base */,
			);
			name = Main.storyboard;
			sourceTree = "<group>";
		};
		FD9B1B0729F7D73500F57897 /* LaunchScreen.storyboard */ = {
			isa = PBXVariantGroup;
			children = (
				FD9B1B0829F7D73500F57897 /* Base */,
			);
			name = LaunchScreen.storyboard;
			sourceTree = "<group>";
		};
/* End PBXVariantGroup section */

/* Begin XCBuildConfiguration section */
		FD9B1B0B29F7D73500F57897 /* Debug */ = {
			isa = XCBuildConfiguration;
			buildSettings = {
				ALWAYS_SEARCH_USER_PATHS = NO;
				CLANG_ANALYZER_NONNULL = YES;
				CLANG_ANALYZER_NUMBER_OBJECT_CONVERSION = YES_AGGRESSIVE;
				CLANG_CXX_LANGUAGE_STANDARD = "gnu++20";
				CLANG_ENABLE_MODULES = YES;
				CLANG_ENABLE_OBJC_ARC = YES;
				CLANG_ENABLE_OBJC_WEAK = YES;
				CLANG_WARN_BLOCK_CAPTURE_AUTORELEASING = YES;
				CLANG_WARN_BOOL_CONVERSION = YES;
				CLANG_WARN_COMMA = YES;
				CLANG_WARN_CONSTANT_CONVERSION = YES;
				CLANG_WARN_DEPRECATED_OBJC_IMPLEMENTATIONS = YES;
				CLANG_WARN_DIRECT_OBJC_ISA_USAGE = YES_ERROR;
				CLANG_WARN_DOCUMENTATION_COMMENTS = YES;
				CLANG_WARN_EMPTY_BODY = YES;
				CLANG_WARN_ENUM_CONVERSION = YES;
				CLANG_WARN_INFINITE_RECURSION = YES;
				CLANG_WARN_INT_CONVERSION = YES;
				CLANG_WARN_NON_LITERAL_NULL_CONVERSION = YES;
				CLANG_WARN_OBJC_IMPLICIT_RETAIN_SELF = YES;
				CLANG_WARN_OBJC_LITERAL_CONVERSION = YES;
				CLANG_WARN_OBJC_ROOT_CLASS = YES_ERROR;
				CLANG_WARN_QUOTED_INCLUDE_IN_FRAMEWORK_HEADER = YES;
				CLANG_WARN_RANGE_LOOP_ANALYSIS = YES;
				CLANG_WARN_STRICT_PROTOTYPES = YES;
				CLANG_WARN_SUSPICIOUS_MOVE = YES;
				CLANG_WARN_UNGUARDED_AVAILABILITY = YES_AGGRESSIVE;
				CLANG_WARN_UNREACHABLE_CODE = YES;
				CLANG_WARN__DUPLICATE_METHOD_MATCH = YES;
				COPY_PHASE_STRIP = NO;
				DEBUG_INFORMATION_FORMAT = dwarf;
				ENABLE_STRICT_OBJC_MSGSEND = YES;
				ENABLE_TESTABILITY = YES;
				GCC_C_LANGUAGE_STANDARD = gnu11;
				GCC_DYNAMIC_NO_PIC = NO;
				GCC_NO_COMMON_BLOCKS = YES;
				GCC_OPTIMIZATION_LEVEL = 0;
				GCC_PREPROCESSOR_DEFINITIONS = (
					"DEBUG=1",
					"$(inherited)",
				);
				GCC_WARN_64_TO_32_BIT_CONVERSION = YES;
				GCC_WARN_ABOUT_RETURN_TYPE = YES_ERROR;
				GCC_WARN_UNDECLARED_SELECTOR = YES;
				GCC_WARN_UNINITIALIZED_AUTOS = YES_AGGRESSIVE;
				GCC_WARN_UNUSED_FUNCTION = YES;
				GCC_WARN_UNUSED_VARIABLE = YES;
				IPHONEOS_DEPLOYMENT_TARGET = 16.2;
				MTL_ENABLE_DEBUG_INFO = INCLUDE_SOURCE;
				MTL_FAST_MATH = YES;
				ONLY_ACTIVE_ARCH = YES;
				SDKROOT = iphoneos;
				SWIFT_ACTIVE_COMPILATION_CONDITIONS = DEBUG;
				SWIFT_OPTIMIZATION_LEVEL = "-Onone";
			};
			name = Debug;
		};
		FD9B1B0C29F7D73500F57897 /* Release */ = {
			isa = XCBuildConfiguration;
			buildSettings = {
				ALWAYS_SEARCH_USER_PATHS = NO;
				CLANG_ANALYZER_NONNULL = YES;
				CLANG_ANALYZER_NUMBER_OBJECT_CONVERSION = YES_AGGRESSIVE;
				CLANG_CXX_LANGUAGE_STANDARD = "gnu++20";
				CLANG_ENABLE_MODULES = YES;
				CLANG_ENABLE_OBJC_ARC = YES;
				CLANG_ENABLE_OBJC_WEAK = YES;
				CLANG_WARN_BLOCK_CAPTURE_AUTORELEASING = YES;
				CLANG_WARN_BOOL_CONVERSION = YES;
				CLANG_WARN_COMMA = YES;
				CLANG_WARN_CONSTANT_CONVERSION = YES;
				CLANG_WARN_DEPRECATED_OBJC_IMPLEMENTATIONS = YES;
				CLANG_WARN_DIRECT_OBJC_ISA_USAGE = YES_ERROR;
				CLANG_WARN_DOCUMENTATION_COMMENTS = YES;
				CLANG_WARN_EMPTY_BODY = YES;
				CLANG_WARN_ENUM_CONVERSION = YES;
				CLANG_WARN_INFINITE_RECURSION = YES;
				CLANG_WARN_INT_CONVERSION = YES;
				CLANG_WARN_NON_LITERAL_NULL_CONVERSION = YES;
				CLANG_WARN_OBJC_IMPLICIT_RETAIN_SELF = YES;
				CLANG_WARN_OBJC_LITERAL_CONVERSION = YES;
				CLANG_WARN_OBJC_ROOT_CLASS = YES_ERROR;
				CLANG_WARN_QUOTED_INCLUDE_IN_FRAMEWORK_HEADER = YES;
				CLANG_WARN_RANGE_LOOP_ANALYSIS = YES;
				CLANG_WARN_STRICT_PROTOTYPES = YES;
				CLANG_WARN_SUSPICIOUS_MOVE = YES;
				CLANG_WARN_UNGUARDED_AVAILABILITY = YES_AGGRESSIVE;
				CLANG_WARN_UNREACHABLE_CODE = YES;
				CLANG_WARN__DUPLICATE_METHOD_MATCH = YES;
				COPY_PHASE_STRIP = NO;
				DEBUG_INFORMATION_FORMAT = "dwarf-with-dsym";
				ENABLE_NS_ASSERTIONS = NO;
				ENABLE_STRICT_OBJC_MSGSEND = YES;
				GCC_C_LANGUAGE_STANDARD = gnu11;
				GCC_NO_COMMON_BLOCKS = YES;
				GCC_WARN_64_TO_32_BIT_CONVERSION = YES;
				GCC_WARN_ABOUT_RETURN_TYPE = YES_ERROR;
				GCC_WARN_UNDECLARED_SELECTOR = YES;
				GCC_WARN_UNINITIALIZED_AUTOS = YES_AGGRESSIVE;
				GCC_WARN_UNUSED_FUNCTION = YES;
				GCC_WARN_UNUSED_VARIABLE = YES;
				IPHONEOS_DEPLOYMENT_TARGET = 16.2;
				MTL_ENABLE_DEBUG_INFO = NO;
				MTL_FAST_MATH = YES;
				SDKROOT = iphoneos;
				SWIFT_COMPILATION_MODE = wholemodule;
				SWIFT_OPTIMIZATION_LEVEL = "-O";
				VALIDATE_PRODUCT = YES;
			};
			name = Release;
		};
		FD9B1B0E29F7D73500F57897 /* Debug */ = {
			isa = XCBuildConfiguration;
			buildSettings = {
				ASSETCATALOG_COMPILER_APPICON_NAME = AppIcon;
				ASSETCATALOG_COMPILER_GLOBAL_ACCENT_COLOR_NAME = AccentColor;
				CODE_SIGN_STYLE = Automatic;
				CURRENT_PROJECT_VERSION = 1;
				GENERATE_INFOPLIST_FILE = YES;
				INFOPLIST_FILE = "Instagram Clone/Info.plist";
				INFOPLIST_KEY_UIApplicationSupportsIndirectInputEvents = YES;
				INFOPLIST_KEY_UILaunchStoryboardName = LaunchScreen;
				INFOPLIST_KEY_UIMainStoryboardFile = Main;
				INFOPLIST_KEY_UISupportedInterfaceOrientations_iPad = "UIInterfaceOrientationPortrait UIInterfaceOrientationPortraitUpsideDown UIInterfaceOrientationLandscapeLeft UIInterfaceOrientationLandscapeRight";
				INFOPLIST_KEY_UISupportedInterfaceOrientations_iPhone = "UIInterfaceOrientationPortrait UIInterfaceOrientationLandscapeLeft UIInterfaceOrientationLandscapeRight";
				LD_RUNPATH_SEARCH_PATHS = (
					"$(inherited)",
					"@executable_path/Frameworks",
				);
				MARKETING_VERSION = 1.0;
				PRODUCT_BUNDLE_IDENTIFIER = "Aamirkhan.Instagram-Clone";
				PRODUCT_NAME = "$(TARGET_NAME)";
				SWIFT_EMIT_LOC_STRINGS = YES;
				SWIFT_VERSION = 5.0;
				TARGETED_DEVICE_FAMILY = "1,2";
			};
			name = Debug;
		};
		FD9B1B0F29F7D73500F57897 /* Release */ = {
			isa = XCBuildConfiguration;
			buildSettings = {
				ASSETCATALOG_COMPILER_APPICON_NAME = AppIcon;
				ASSETCATALOG_COMPILER_GLOBAL_ACCENT_COLOR_NAME = AccentColor;
				CODE_SIGN_STYLE = Automatic;
				CURRENT_PROJECT_VERSION = 1;
				GENERATE_INFOPLIST_FILE = YES;
				INFOPLIST_FILE = "Instagram Clone/Info.plist";
				INFOPLIST_KEY_UIApplicationSupportsIndirectInputEvents = YES;
				INFOPLIST_KEY_UILaunchStoryboardName = LaunchScreen;
				INFOPLIST_KEY_UIMainStoryboardFile = Main;
				INFOPLIST_KEY_UISupportedInterfaceOrientations_iPad = "UIInterfaceOrientationPortrait UIInterfaceOrientationPortraitUpsideDown UIInterfaceOrientationLandscapeLeft UIInterfaceOrientationLandscapeRight";
				INFOPLIST_KEY_UISupportedInterfaceOrientations_iPhone = "UIInterfaceOrientationPortrait UIInterfaceOrientationLandscapeLeft UIInterfaceOrientationLandscapeRight";
				LD_RUNPATH_SEARCH_PATHS = (
					"$(inherited)",
					"@executable_path/Frameworks",
				);
				MARKETING_VERSION = 1.0;
				PRODUCT_BUNDLE_IDENTIFIER = "Aamirkhan.Instagram-Clone";
				PRODUCT_NAME = "$(TARGET_NAME)";
				SWIFT_EMIT_LOC_STRINGS = YES;
				SWIFT_VERSION = 5.0;
				TARGETED_DEVICE_FAMILY = "1,2";
			};
			name = Release;
		};
/* End XCBuildConfiguration section */

/* Begin XCConfigurationList section */
		FD9B1AF129F7D73400F57897 /* Build configuration list for PBXProject "Instagram Clone" */ = {
			isa = XCConfigurationList;
			buildConfigurations = (
				FD9B1B0B29F7D73500F57897 /* Debug */,
				FD9B1B0C29F7D73500F57897 /* Release */,
			);
			defaultConfigurationIsVisible = 0;
			defaultConfigurationName = Release;
		};
		FD9B1B0D29F7D73500F57897 /* Build configuration list for PBXNativeTarget "Instagram Clone" */ = {
			isa = XCConfigurationList;
			buildConfigurations = (
				FD9B1B0E29F7D73500F57897 /* Debug */,
				FD9B1B0F29F7D73500F57897 /* Release */,
			);
			defaultConfigurationIsVisible = 0;
			defaultConfigurationName = Release;
		};
/* End XCConfigurationList section */

/* Begin XCVersionGroup section */
		FD9B1B0229F7D73400F57897 /* Instagram_Clone.xcdatamodeld */ = {
			isa = XCVersionGroup;
			children = (
				FD9B1B0329F7D73400F57897 /* Instagram_Clone.xcdatamodel */,
			);
			currentVersion = FD9B1B0329F7D73400F57897 /* Instagram_Clone.xcdatamodel */;
			path = Instagram_Clone.xcdatamodeld;
			sourceTree = "<group>";
			versionGroupType = wrapper.xcdatamodel;
		};
/* End XCVersionGroup section */
	};
	rootObject = FD9B1AEE29F7D73400F57897 /* Project object */;
}
